Microsoft Visual Studio Solution File, Format Version 12.00
# Visual Studio Version 17
VisualStudioVersion = 17.5.2.0
MinimumVisualStudioVersion = 10.0.40219.1
Project("{FAE04EC0-301F-11D3-BF4B-00C04F79EFBC}") = "dagnys-api", "dagnys-api.csproj", "{4D55050D-89C3-EC6C-4978-C11AE9FAD4CF}"
EndProject
Global
	GlobalSection(SolutionConfigurationPlatforms) = preSolution
		Debug|Any CPU = Debug|Any CPU
		Release|Any CPU = Release|Any CPU
	EndGlobalSection
	GlobalSection(ProjectConfigurationPlatforms) = postSolution
		{4D55050D-89C3-EC6C-4978-C11AE9FAD4CF}.Debug|Any CPU.ActiveCfg = Debug|Any CPU
		{4D55050D-89C3-EC6C-4978-C11AE9FAD4CF}.Debug|Any CPU.Build.0 = Debug|Any CPU
		{4D55050D-89C3-EC6C-4978-C11AE9FAD4CF}.Release|Any CPU.ActiveCfg = Release|Any CPU
		{4D55050D-89C3-EC6C-4978-C11AE9FAD4CF}.Release|Any CPU.Build.0 = Release|Any CPU
	EndGlobalSection
	GlobalSection(SolutionProperties) = preSolution
		HideSolutionNode = FALSE
	EndGlobalSection
	GlobalSection(ExtensibilityGlobals) = postSolution
		SolutionGuid = {C7C41C12-8A74-4436-A9EE-E4E719B5A3D1}
	EndGlobalSection
EndGlobal
